
Microsoft Visual Studio Solution File, Format Version 12.00
# Visual Studio Version 17
VisualStudioVersion = 17.7.34031.279
MinimumVisualStudioVersion = 10.0.40219.1
Project("{FAE04EC0-301F-11D3-BF4B-00C04F79EFBC}") = "Polymorphism", "Polymorphism\Polymorphism.csproj", "{6CA6D2B0-7B40-4E17-A7CC-14377B8D7230}"
EndProject
Global
	GlobalSection(SolutionConfigurationPlatforms) = preSolution
		Debug|Any CPU = Debug|Any CPU
		Release|Any CPU = Release|Any CPU
	EndGlobalSection
	GlobalSection(ProjectConfigurationPlatforms) = postSolution
		{6CA6D2B0-7B40-4E17-A7CC-14377B8D7230}.Debug|Any CPU.ActiveCfg = Debug|Any CPU
		{6CA6D2B0-7B40-4E17-A7CC-14377B8D7230}.Debug|Any CPU.Build.0 = Debug|Any CPU
		{6CA6D2B0-7B40-4E17-A7CC-14377B8D7230}.Release|Any CPU.ActiveCfg = Release|Any CPU
		{6CA6D2B0-7B40-4E17-A7CC-14377B8D7230}.Release|Any CPU.Build.0 = Release|Any CPU
	EndGlobalSection
	GlobalSection(SolutionProperties) = preSolution
		HideSolutionNode = FALSE
	EndGlobalSection
	GlobalSection(ExtensibilityGlobals) = postSolution
		SolutionGuid = {C0243AC5-CCFE-475A-A3DD-4081949E3F8F}
	EndGlobalSection
EndGlobal
